
Microsoft Visual Studio Solution File, Format Version 12.00
# Visual Studio Version 17
VisualStudioVersion = 17.14.36414.22 d17.14
MinimumVisualStudioVersion = 10.0.40219.1
Project("{FAE04EC0-301F-11D3-BF4B-00C04F79EFBC}") = "Problema 1.5", "Problema 1.5\Problema 1.5.csproj", "{34937146-9D71-4C9A-A268-11C0BB166F0F}"
EndProject
Global
	GlobalSection(SolutionConfigurationPlatforms) = preSolution
		Debug|Any CPU = Debug|Any CPU
		Release|Any CPU = Release|Any CPU
	EndGlobalSection
	GlobalSection(ProjectConfigurationPlatforms) = postSolution
		{34937146-9D71-4C9A-A268-11C0BB166F0F}.Debug|Any CPU.ActiveCfg = Debug|Any CPU
		{34937146-9D71-4C9A-A268-11C0BB166F0F}.Debug|Any CPU.Build.0 = Debug|Any CPU
		{34937146-9D71-4C9A-A268-11C0BB166F0F}.Release|Any CPU.ActiveCfg = Release|Any CPU
		{34937146-9D71-4C9A-A268-11C0BB166F0F}.Release|Any CPU.Build.0 = Release|Any CPU
	EndGlobalSection
	GlobalSection(SolutionProperties) = preSolution
		HideSolutionNode = FALSE
	EndGlobalSection
	GlobalSection(ExtensibilityGlobals) = postSolution
		SolutionGuid = {C9CEC9A4-FB51-41B5-A957-E069B7840239}
	EndGlobalSection
EndGlobal
